
Microsoft Visual Studio Solution File, Format Version 12.00
# Visual Studio Version 17
VisualStudioVersion = 17.9.34723.18
MinimumVisualStudioVersion = 10.0.40219.1
Project("{9A19103F-16F7-4668-BE54-9A1E7A4F7556}") = "GodotUtils.InstanceResolver.Generators", "GodotUtils.InstanceResolver.Generators\GodotUtils.InstanceResolver.Generators.csproj", "{64260177-7747-435F-8438-5EE5EBF73B56}"
EndProject
Project("{9A19103F-16F7-4668-BE54-9A1E7A4F7556}") = "GodotUtils.InstanceResolver", "GodotUtils.InstanceResolver\GodotUtils.InstanceResolver.csproj", "{13F1AE8A-CA11-4AEF-8E51-44448AC5F076}"
EndProject
Project("{9A19103F-16F7-4668-BE54-9A1E7A4F7556}") = "GodotUtils.InstanceResolver.UnitTests", "GodotUtils.InstanceResolver.UnitTests\GodotUtils.InstanceResolver.UnitTests.csproj", "{21F81BE4-94B7-4EAB-9B98-6B0B5434B9F9}"
EndProject
Global
	GlobalSection(SolutionConfigurationPlatforms) = preSolution
		Debug|Any CPU = Debug|Any CPU
		Release|Any CPU = Release|Any CPU
	EndGlobalSection
	GlobalSection(ProjectConfigurationPlatforms) = postSolution
		{64260177-7747-435F-8438-5EE5EBF73B56}.Debug|Any CPU.ActiveCfg = Debug|Any CPU
		{64260177-7747-435F-8438-5EE5EBF73B56}.Debug|Any CPU.Build.0 = Debug|Any CPU
		{64260177-7747-435F-8438-5EE5EBF73B56}.Release|Any CPU.ActiveCfg = Release|Any CPU
		{64260177-7747-435F-8438-5EE5EBF73B56}.Release|Any CPU.Build.0 = Release|Any CPU
		{13F1AE8A-CA11-4AEF-8E51-44448AC5F076}.Debug|Any CPU.ActiveCfg = Debug|Any CPU
		{13F1AE8A-CA11-4AEF-8E51-44448AC5F076}.Debug|Any CPU.Build.0 = Debug|Any CPU
		{13F1AE8A-CA11-4AEF-8E51-44448AC5F076}.Release|Any CPU.ActiveCfg = Release|Any CPU
		{13F1AE8A-CA11-4AEF-8E51-44448AC5F076}.Release|Any CPU.Build.0 = Release|Any CPU
		{21F81BE4-94B7-4EAB-9B98-6B0B5434B9F9}.Debug|Any CPU.ActiveCfg = Debug|Any CPU
		{21F81BE4-94B7-4EAB-9B98-6B0B5434B9F9}.Debug|Any CPU.Build.0 = Debug|Any CPU
		{21F81BE4-94B7-4EAB-9B98-6B0B5434B9F9}.Release|Any CPU.ActiveCfg = Release|Any CPU
		{21F81BE4-94B7-4EAB-9B98-6B0B5434B9F9}.Release|Any CPU.Build.0 = Release|Any CPU
	EndGlobalSection
	GlobalSection(SolutionProperties) = preSolution
		HideSolutionNode = FALSE
	EndGlobalSection
	GlobalSection(ExtensibilityGlobals) = postSolution
		SolutionGuid = {25C4405D-B7DA-4000-83EA-1A09C4FAF043}
	EndGlobalSection
EndGlobal
